
Microsoft Visual Studio Solution File, Format Version 12.00
# Visual Studio Version 16
VisualStudioVersion = 16.0.30517.126
MinimumVisualStudioVersion = 10.0.40219.1
Project("{FAE04EC0-301F-11D3-BF4B-00C04F79EFBC}") = "databaseApplication", "databaseApplication\databaseApplication.csproj", "{3B53D844-07AC-4DEE-9B70-43065C1E6450}"
EndProject
Global
	GlobalSection(SolutionConfigurationPlatforms) = preSolution
		Debug|Any CPU = Debug|Any CPU
		Release|Any CPU = Release|Any CPU
	EndGlobalSection
	GlobalSection(ProjectConfigurationPlatforms) = postSolution
		{3B53D844-07AC-4DEE-9B70-43065C1E6450}.Debug|Any CPU.ActiveCfg = Debug|Any CPU
		{3B53D844-07AC-4DEE-9B70-43065C1E6450}.Debug|Any CPU.Build.0 = Debug|Any CPU
		{3B53D844-07AC-4DEE-9B70-43065C1E6450}.Release|Any CPU.ActiveCfg = Release|Any CPU
		{3B53D844-07AC-4DEE-9B70-43065C1E6450}.Release|Any CPU.Build.0 = Release|Any CPU
	EndGlobalSection
	GlobalSection(SolutionProperties) = preSolution
		HideSolutionNode = FALSE
	EndGlobalSection
	GlobalSection(ExtensibilityGlobals) = postSolution
		SolutionGuid = {3AA30B6A-2AD1-4405-B8DC-8D88B61DC7C5}
	EndGlobalSection
EndGlobal
